
Microsoft Visual Studio Solution File, Format Version 12.00
# Visual Studio Version 17
VisualStudioVersion = 17.8.34511.84
MinimumVisualStudioVersion = 10.0.40219.1
Project("{9A19103F-16F7-4668-BE54-9A1E7A4F7556}") = "Web_API_Webshop", "Web_API_Webshop.csproj", "{EA45F802-267B-438E-A91B-62F45F5A5541}"
EndProject
Global
	GlobalSection(SolutionConfigurationPlatforms) = preSolution
		Debug|Any CPU = Debug|Any CPU
		Release|Any CPU = Release|Any CPU
	EndGlobalSection
	GlobalSection(ProjectConfigurationPlatforms) = postSolution
		{EA45F802-267B-438E-A91B-62F45F5A5541}.Debug|Any CPU.ActiveCfg = Debug|Any CPU
		{EA45F802-267B-438E-A91B-62F45F5A5541}.Debug|Any CPU.Build.0 = Debug|Any CPU
		{EA45F802-267B-438E-A91B-62F45F5A5541}.Release|Any CPU.ActiveCfg = Release|Any CPU
		{EA45F802-267B-438E-A91B-62F45F5A5541}.Release|Any CPU.Build.0 = Release|Any CPU
	EndGlobalSection
	GlobalSection(SolutionProperties) = preSolution
		HideSolutionNode = FALSE
	EndGlobalSection
	GlobalSection(ExtensibilityGlobals) = postSolution
		SolutionGuid = {5FE387A5-7032-4DC7-8D8D-98AED8BA6037}
	EndGlobalSection
EndGlobal
